
Microsoft Visual Studio Solution File, Format Version 12.00
# Visual Studio Version 16
VisualStudioVersion = 16.0.31313.79
MinimumVisualStudioVersion = 10.0.40219.1
Project("{FAE04EC0-301F-11D3-BF4B-00C04F79EFBC}") = "FleetingoldGrpcService.Shared", "FleetingoldGrpcService.Shared\FleetingoldGrpcService.Shared.csproj", "{45E3DC05-A8C1-41A4-8962-A510D42F0CCD}"
EndProject
Project("{9A19103F-16F7-4668-BE54-9A1E7A4F7556}") = "FleetingoldGrpcService", "FleetingoldGrpcService\FleetingoldGrpcService.csproj", "{57D632F1-EAEF-4B5E-A684-164614F6D450}"
EndProject
Global
	GlobalSection(SolutionConfigurationPlatforms) = preSolution
		Debug|Any CPU = Debug|Any CPU
		Release|Any CPU = Release|Any CPU
	EndGlobalSection
	GlobalSection(ProjectConfigurationPlatforms) = postSolution
		{45E3DC05-A8C1-41A4-8962-A510D42F0CCD}.Debug|Any CPU.ActiveCfg = Debug|Any CPU
		{45E3DC05-A8C1-41A4-8962-A510D42F0CCD}.Debug|Any CPU.Build.0 = Debug|Any CPU
		{45E3DC05-A8C1-41A4-8962-A510D42F0CCD}.Release|Any CPU.ActiveCfg = Release|Any CPU
		{45E3DC05-A8C1-41A4-8962-A510D42F0CCD}.Release|Any CPU.Build.0 = Release|Any CPU
		{57D632F1-EAEF-4B5E-A684-164614F6D450}.Debug|Any CPU.ActiveCfg = Debug|Any CPU
		{57D632F1-EAEF-4B5E-A684-164614F6D450}.Debug|Any CPU.Build.0 = Debug|Any CPU
		{57D632F1-EAEF-4B5E-A684-164614F6D450}.Release|Any CPU.ActiveCfg = Release|Any CPU
		{57D632F1-EAEF-4B5E-A684-164614F6D450}.Release|Any CPU.Build.0 = Release|Any CPU
	EndGlobalSection
	GlobalSection(SolutionProperties) = preSolution
		HideSolutionNode = FALSE
	EndGlobalSection
	GlobalSection(ExtensibilityGlobals) = postSolution
		SolutionGuid = {B0277375-5970-41C9-9C50-2C3E5CFB838B}
	EndGlobalSection
EndGlobal
